
Microsoft Visual Studio Solution File, Format Version 12.00
# Visual Studio Version 17
VisualStudioVersion = 17.5.002.0
MinimumVisualStudioVersion = 10.0.40219.1
Project("{9A19103F-16F7-4668-BE54-9A1E7A4F7556}") = "POO", "POO.csproj", "{C8CECF2E-089E-488E-97B9-FD2BC22B9ECF}"
EndProject
Global
	GlobalSection(SolutionConfigurationPlatforms) = preSolution
		Debug|Any CPU = Debug|Any CPU
		Release|Any CPU = Release|Any CPU
	EndGlobalSection
	GlobalSection(ProjectConfigurationPlatforms) = postSolution
		{C8CECF2E-089E-488E-97B9-FD2BC22B9ECF}.Debug|Any CPU.ActiveCfg = Debug|Any CPU
		{C8CECF2E-089E-488E-97B9-FD2BC22B9ECF}.Debug|Any CPU.Build.0 = Debug|Any CPU
		{C8CECF2E-089E-488E-97B9-FD2BC22B9ECF}.Release|Any CPU.ActiveCfg = Release|Any CPU
		{C8CECF2E-089E-488E-97B9-FD2BC22B9ECF}.Release|Any CPU.Build.0 = Release|Any CPU
	EndGlobalSection
	GlobalSection(SolutionProperties) = preSolution
		HideSolutionNode = FALSE
	EndGlobalSection
	GlobalSection(ExtensibilityGlobals) = postSolution
		SolutionGuid = {CC06E571-EEB3-42E9-9926-998B9561ED13}
	EndGlobalSection
EndGlobal
